# THIS IS AN AUTOGENERATED FILE. DO NOT EDIT THIS FILE DIRECTLY.
# yarn lockfile v1


"@fortawesome/fontawesome-free@^5.15.2":
  version "5.15.2"
  resolved "https://registry.yarnpkg.com/@fortawesome/fontawesome-free/-/fontawesome-free-5.15.2.tgz#218cd7276ab4f9ab57cc3d2efa2697e6a579f25d"
  integrity sha512-7l/AX41m609L/EXI9EKH3Vs3v0iA8tKlIOGtw+kgcoanI7p+e4I4GYLqW3UXWiTnjSFymKSmTTPKYrivzbxxqA==

angular-animate@^1.8.2:
  version "1.8.2"
  resolved "https://registry.yarnpkg.com/angular-animate/-/angular-animate-1.8.2.tgz#a3045e523ffb8d7fcbebd3cb68d1fdd474665ced"
  integrity sha512-Jbr9+grNMs9Kj57xuBU3Ju3NOPAjS1+g2UAwwDv7su1lt0/PLDy+9zEwDiu8C8xJceoTbmBNKiWGPJGBdCQLlA==

angular-aria@^1.8.2:
  version "1.8.2"
  resolved "https://registry.yarnpkg.com/angular-aria/-/angular-aria-1.8.2.tgz#3e5d546e549d8bddcf0b8031c677d3129d82a76d"
  integrity sha512-xWT1Lm+Xug2GM6nGNMioBP4hXt3sj2eGaExa4cVCZUYSVWezgyuD1RiLgzJzwTkBGYplHQUzQaz3yDY8jVI6yQ==

angular-material@^1.2.2:
  version "1.2.2"
  resolved "https://registry.yarnpkg.com/angular-material/-/angular-material-1.2.2.tgz#42a0e1ab196980476f08c20efcbd4541678e2600"
  integrity sha512-GtrBzYDg5zHYX/OUqxo72zb9bsY0RDuIA+4ZsZjuv1r+L4q9UAtkeIZzMXVGua6CCNgfB58cKep3TmxtAZhNwg==

angular-messages@^1.8.2:
  version "1.8.2"
  resolved "https://registry.yarnpkg.com/angular-messages/-/angular-messages-1.8.2.tgz#47f0cf913030bc2231423ab9388acc14dd931837"
  integrity sha512-M1qNh/30cLJi4yJJ+3YB8saPonRcavz5Dquqz0T/aUySKJhIkUoeCkmF+BcLH4SJ5PBp04yy4CZUUeNRVi7jZA==

angular-translate@^2.18.4:
  version "2.18.4"
  resolved "https://registry.yarnpkg.com/angular-translate/-/angular-translate-2.18.4.tgz#8dba3921cc75d0601891c1f0e9d320aa7cef17bd"
  integrity sha512-KohNrkH6J9PK+VW0L/nsRTcg5Fw70Ajwwe3Jbfm54Pf9u9Fd+wuingoKv+h45mKf38eT+Ouu51FPua8VmZNoCw==
  dependencies:
    angular "^1.8.0"

angular@1.8.2, angular@^1.8.0:
  version "1.8.2"
  resolved "https://registry.yarnpkg.com/angular/-/angular-1.8.2.tgz#5983bbb5a9fa63e213cb7749199e0d352de3a2f1"
  integrity sha512-IauMOej2xEe7/7Ennahkbb5qd/HFADiNuLSESz9Q27inmi32zB0lnAsFeLEWcox3Gd1F6YhNd1CP7/9IukJ0Gw==

bootstrap-duration-picker@^2.1.3:
  version "2.1.3"
  resolved "https://registry.yarnpkg.com/bootstrap-duration-picker/-/bootstrap-duration-picker-2.1.3.tgz#bf172dc36a6c9b895006962a2d8188c3360fb265"
  integrity sha1-vxctw2psm4lQBpYqLYGIwzYPsmU=

dropzone@^5.7.6:
  version "5.7.6"
  resolved "https://registry.yarnpkg.com/dropzone/-/dropzone-5.7.6.tgz#a5ebb603ea2aaf630118c37a7be59bb3444ad6e1"
  integrity sha512-z38j+PZsH38rFGOK2rQ877t6c0cPos053fPp3RKaDvCDjAw4KflQQGn7BhCWeFq9Zl1hinB8khPrQdJ6cIBryQ==

moment-duration-format@^2.3.2:
  version "2.3.2"
  resolved "https://registry.yarnpkg.com/moment-duration-format/-/moment-duration-format-2.3.2.tgz#5fa2b19b941b8d277122ff3f87a12895ec0d6212"
  integrity sha512-cBMXjSW+fjOb4tyaVHuaVE/A5TqkukDWiOfxxAjY+PEqmmBQlLwn+8OzwPiG3brouXKY5Un4pBjAeB6UToXHaQ==

moment@^2.29.1:
  version "2.29.1"
  resolved "https://registry.yarnpkg.com/moment/-/moment-2.29.1.tgz#b2be769fa31940be9eeea6469c075e35006fa3d3"
  integrity sha512-kHmoybcPV8Sqy59DwNDY3Jefr64lK/by/da0ViFcuA4DH0vQg5Q6Ze5VimxkfQNSC+Mls/Kx53s7TjP1RhFEDQ==

ng-file-upload@^12.2.13:
  version "12.2.13"
  resolved "https://registry.yarnpkg.com/ng-file-upload/-/ng-file-upload-12.2.13.tgz#01800f3872e526f95310f8477e99e4f12d0d8d14"
  integrity sha1-AYAPOHLlJvlTEPhHfpnk8S0NjRQ=

ngdropzone@^2.0.2:
  version "2.0.2"
  resolved "https://registry.yarnpkg.com/ngdropzone/-/ngdropzone-2.0.2.tgz#57863a54a39ae66dd533026d0a3145222390c58b"
  integrity sha1-V4Y6VKOa5m3VMwJtCjFFIiOQxYs=

sweetalert2@^10.15.4:
  version "10.15.4"
  resolved "https://registry.yarnpkg.com/sweetalert2/-/sweetalert2-10.15.4.tgz#27ec887417d2949e5759699c1c4e0824fe55f03c"
  integrity sha512-s5fCMG+rP0a7dyLlb5t0502DCyRKtuQN6We5QqT7GNHv2SurmyQ5i/82tJaTz9dhISPGl8cOn9vo5v9NZ0DDdQ==

ui-bootstrap4@^3.0.7:
  version "3.0.7"
  resolved "https://registry.yarnpkg.com/ui-bootstrap4/-/ui-bootstrap4-3.0.7.tgz#9378244499404fa9bc07fe19ebb3dba7ee7d432b"
  integrity sha512-rAvXVwczihiU4I2wVbalg60ON+u5iugVXu9ATcgqsxCNgo6ghLUYlGVP11NJ8SfS+5VJzpBSlYfVHOD/3T+klA==

ui-select@^0.19.8:
  version "0.19.8"
  resolved "https://registry.yarnpkg.com/ui-select/-/ui-select-0.19.8.tgz#74860848a7fd8bc494d9856d2f62776ea98637c1"
  integrity sha1-dIYISKf9i8SU2YVtL2J3bqmGN8E=
